{
  "name": "sorting-algorithms",
  "version": "1.0.0",
  "lockfileVersion": 1,
  "requires": true,
  "dependencies": {
    "ansi-regex": {
      "version": "3.0.0",
      "resolved": "https://registry.npmjs.org/ansi-regex/-/ansi-regex-3.0.0.tgz",
      "integrity": "sha1-7QMXwyIGT3lGbAKWa922Bas32Zg="
    },
    "cli-progress": {
      "version": "3.4.0",
      "resolved": "https://registry.npmjs.org/cli-progress/-/cli-progress-3.4.0.tgz",
      "integrity": "sha512-35zcc1FsbPfN2dVonxUQwEnqMnI5kDFx2G4qGFGWgIDYqZ6+3t4/GjX/Vk0tq6bNgI9dEFcWLJ6AaLN17NLBDA==",
      "requires": {
        "colors": "^1.1.2",
        "string-width": "^2.1.1"
      }
    },
    "color": {
      "version": "0.6.0",
      "resolved": "https://registry.npmjs.org/color/-/color-0.6.0.tgz",
      "integrity": "sha1-U/Sydpjh/kKhlCPcCS3Y7lKbQmc=",
      "requires": {
        "color-convert": "0.2.x",
        "color-string": "0.1.x"
      }
    },
    "color-convert": {
      "version": "0.2.1",
      "resolved": "https://registry.npmjs.org/color-convert/-/color-convert-0.2.1.tgz",
      "integrity": "sha1-NjyrI8lLMaDWTbcQSLjGqUD4xow="
    },
    "color-rainbow": {
      "version": "0.0.0",
      "resolved": "https://registry.npmjs.org/color-rainbow/-/color-rainbow-0.0.0.tgz",
      "integrity": "sha1-kdH7jXe+tVK8A9rw/DjcQ2Kjat0=",
      "requires": {
        "color": "^0.6.0"
      }
    },
    "color-string": {
      "version": "0.1.3",
      "resolved": "https://registry.npmjs.org/color-string/-/color-string-0.1.3.tgz",
      "integrity": "sha1-6GXS4+WfZlw68N4UOD9r8HBWhfM=",
      "requires": {
        "color-convert": "0.2.x"
      }
    },
    "colors": {
      "version": "1.4.0",
      "resolved": "https://registry.npmjs.org/colors/-/colors-1.4.0.tgz",
      "integrity": "sha512-a+UqTh4kgZg/SlGvfbzDHpgRu7AAQOmmqRHJnxhRZICKFUT91brVhNNt58CMWU9PsBbv3PDCZUHbVxuDiH2mtA=="
    },
    "fs": {
      "version": "0.0.1-security",
      "resolved": "https://registry.npmjs.org/fs/-/fs-0.0.1-security.tgz",
      "integrity": "sha1-invTcYa23d84E/I4WLV+yq9eQdQ="
    },
    "is-fullwidth-code-point": {
      "version": "2.0.0",
      "resolved": "https://registry.npmjs.org/is-fullwidth-code-point/-/is-fullwidth-code-point-2.0.0.tgz",
      "integrity": "sha1-o7MKXE8ZkYMWeqq5O+764937ZU8="
    },
    "perf_hooks": {
      "version": "0.0.1",
      "resolved": "https://registry.npmjs.org/perf_hooks/-/perf_hooks-0.0.1.tgz",
      "integrity": "sha512-qG/D9iA4KDme+KF4vCObJy6Bouu3BlQnmJ8jPydVPm32NJBD9ZK1ZNgXSYaZKHkVC1sKSqUiLgFvAZPUiIEnBw=="
    },
    "require-all": {
      "version": "3.0.0",
      "resolved": "https://registry.npmjs.org/require-all/-/require-all-3.0.0.tgz",
      "integrity": "sha1-Rz1JcEvjEBFc4ST3c4Ox69hnExI="
    },
    "string-width": {
      "version": "2.1.1",
      "resolved": "https://registry.npmjs.org/string-width/-/string-width-2.1.1.tgz",
      "integrity": "sha512-nOqH59deCq9SRHlxq1Aw85Jnt4w6KvLKqWVik6oA9ZklXLNIOlqg4F2yrT1MVaTjAqvVwdfeZ7w7aCvJD7ugkw==",
      "requires": {
        "is-fullwidth-code-point": "^2.0.0",
        "strip-ansi": "^4.0.0"
      }
    },
    "strip-ansi": {
      "version": "4.0.0",
      "resolved": "https://registry.npmjs.org/strip-ansi/-/strip-ansi-4.0.0.tgz",
      "integrity": "sha1-qEeQIusaw2iocTibY1JixQXuNo8=",
      "requires": {
        "ansi-regex": "^3.0.0"
      }
    },
    "time-function": {
      "version": "1.0.1",
      "resolved": "https://registry.npmjs.org/time-function/-/time-function-1.0.1.tgz",
      "integrity": "sha512-FIIZiX4fmEf+0U814NjQlPQdBHg4fP6r0STEZ2OQ5MOTAJd/qU8C46J62UaPrcoOm6N8afh53REEvHs3uZjSZw==",
      "requires": {
        "perf_hooks": "0.0.1"
      }
    }
  }
}
